{
  "name": "prisma-scrapper",
  "version": "1.0.0",
  "lockfileVersion": 3,
  "requires": true,
  "packages": {
    "": {
      "name": "prisma-scrapper",
      "version": "1.0.0",
      "license": "ISC",
      "dependencies": {
        "@canvasjs/charts": "^3.10.21",
        "js-cookie": "^3.0.5"
      }
    },
    "node_modules/@canvasjs/charts": {
      "version": "3.10.21",
      "resolved": "https://registry.npmjs.org/@canvasjs/charts/-/charts-3.10.21.tgz",
      "integrity": "sha512-k55JlJVisqsUOwrVUn9vR5gjRVhaycuunjDNe4Ch5VlBKWTol06gtyFdfWqyHUQ7+2nYqiLrQhGSrpx/fFvs9w==",
      "license": "SEE LICENSE IN <LICENSE>"
    },
    "node_modules/js-cookie": {
      "version": "3.0.5",
      "resolved": "https://registry.npmjs.org/js-cookie/-/js-cookie-3.0.5.tgz",
      "integrity": "sha512-cEiJEAEoIbWfCZYKWhVwFuvPX1gETRYPw6LlaTKoxD3s2AkXzkCjnp6h0V77ozyqj0jakteJ4YqDJT830+lVGw==",
      "license": "MIT",
      "engines": {
        "node": ">=14"
      }
    }
  }
}
